
Microsoft Visual Studio Solution File, Format Version 12.00
# Visual Studio Version 17
VisualStudioVersion = 17.5.002.0
MinimumVisualStudioVersion = 10.0.40219.1
Project("{9A19103F-16F7-4668-BE54-9A1E7A4F7556}") = "mvcpraktik", "mvcpraktik.csproj", "{6609ACD6-1091-46B7-A3BF-9B62BB054020}"
EndProject
Global
	GlobalSection(SolutionConfigurationPlatforms) = preSolution
		Debug|Any CPU = Debug|Any CPU
		Release|Any CPU = Release|Any CPU
	EndGlobalSection
	GlobalSection(ProjectConfigurationPlatforms) = postSolution
		{6609ACD6-1091-46B7-A3BF-9B62BB054020}.Debug|Any CPU.ActiveCfg = Debug|Any CPU
		{6609ACD6-1091-46B7-A3BF-9B62BB054020}.Debug|Any CPU.Build.0 = Debug|Any CPU
		{6609ACD6-1091-46B7-A3BF-9B62BB054020}.Release|Any CPU.ActiveCfg = Release|Any CPU
		{6609ACD6-1091-46B7-A3BF-9B62BB054020}.Release|Any CPU.Build.0 = Release|Any CPU
	EndGlobalSection
	GlobalSection(SolutionProperties) = preSolution
		HideSolutionNode = FALSE
	EndGlobalSection
	GlobalSection(ExtensibilityGlobals) = postSolution
		SolutionGuid = {0720F269-B7D5-42C9-802C-4AF078FD4134}
	EndGlobalSection
EndGlobal
