
Microsoft Visual Studio Solution File, Format Version 12.00
# Visual Studio Version 17
VisualStudioVersion = 17.5.002.0
MinimumVisualStudioVersion = 10.0.40219.1
Project("{9A19103F-16F7-4668-BE54-9A1E7A4F7556}") = "web1", "web1.csproj", "{A00887A3-F1B5-4826-B59A-615B984BFC6C}"
EndProject
Global
	GlobalSection(SolutionConfigurationPlatforms) = preSolution
		Debug|Any CPU = Debug|Any CPU
		Release|Any CPU = Release|Any CPU
	EndGlobalSection
	GlobalSection(ProjectConfigurationPlatforms) = postSolution
		{A00887A3-F1B5-4826-B59A-615B984BFC6C}.Debug|Any CPU.ActiveCfg = Debug|Any CPU
		{A00887A3-F1B5-4826-B59A-615B984BFC6C}.Debug|Any CPU.Build.0 = Debug|Any CPU
		{A00887A3-F1B5-4826-B59A-615B984BFC6C}.Release|Any CPU.ActiveCfg = Release|Any CPU
		{A00887A3-F1B5-4826-B59A-615B984BFC6C}.Release|Any CPU.Build.0 = Release|Any CPU
	EndGlobalSection
	GlobalSection(SolutionProperties) = preSolution
		HideSolutionNode = FALSE
	EndGlobalSection
	GlobalSection(ExtensibilityGlobals) = postSolution
		SolutionGuid = {BE744A0A-C6C4-49FB-8E6F-6CA3B41D00EB}
	EndGlobalSection
EndGlobal
