
Microsoft Visual Studio Solution File, Format Version 12.00
# Visual Studio Version 17
VisualStudioVersion = 17.5.002.0
MinimumVisualStudioVersion = 10.0.40219.1
Project("{9A19103F-16F7-4668-BE54-9A1E7A4F7556}") = "Jumpstart", "Jumpstart.csproj", "{1D51BA2A-D9E7-45BA-9B08-D93B150FC184}"
EndProject
Global
	GlobalSection(SolutionConfigurationPlatforms) = preSolution
		Debug|Any CPU = Debug|Any CPU
		Release|Any CPU = Release|Any CPU
	EndGlobalSection
	GlobalSection(ProjectConfigurationPlatforms) = postSolution
		{1D51BA2A-D9E7-45BA-9B08-D93B150FC184}.Debug|Any CPU.ActiveCfg = Debug|Any CPU
		{1D51BA2A-D9E7-45BA-9B08-D93B150FC184}.Debug|Any CPU.Build.0 = Debug|Any CPU
		{1D51BA2A-D9E7-45BA-9B08-D93B150FC184}.Release|Any CPU.ActiveCfg = Release|Any CPU
		{1D51BA2A-D9E7-45BA-9B08-D93B150FC184}.Release|Any CPU.Build.0 = Release|Any CPU
	EndGlobalSection
	GlobalSection(SolutionProperties) = preSolution
		HideSolutionNode = FALSE
	EndGlobalSection
	GlobalSection(ExtensibilityGlobals) = postSolution
		SolutionGuid = {A8057240-48FC-4AE6-95D1-AA78C9282CD0}
	EndGlobalSection
EndGlobal
