
Microsoft Visual Studio Solution File, Format Version 12.00
# Visual Studio Version 17
VisualStudioVersion = 17.5.002.0
MinimumVisualStudioVersion = 10.0.40219.1
Project("{9A19103F-16F7-4668-BE54-9A1E7A4F7556}") = "DBpractic", "DBpractic.csproj", "{5F704286-A224-42E8-B886-3B0CEE4B1CC0}"
EndProject
Global
	GlobalSection(SolutionConfigurationPlatforms) = preSolution
		Debug|Any CPU = Debug|Any CPU
		Release|Any CPU = Release|Any CPU
	EndGlobalSection
	GlobalSection(ProjectConfigurationPlatforms) = postSolution
		{5F704286-A224-42E8-B886-3B0CEE4B1CC0}.Debug|Any CPU.ActiveCfg = Debug|Any CPU
		{5F704286-A224-42E8-B886-3B0CEE4B1CC0}.Debug|Any CPU.Build.0 = Debug|Any CPU
		{5F704286-A224-42E8-B886-3B0CEE4B1CC0}.Release|Any CPU.ActiveCfg = Release|Any CPU
		{5F704286-A224-42E8-B886-3B0CEE4B1CC0}.Release|Any CPU.Build.0 = Release|Any CPU
	EndGlobalSection
	GlobalSection(SolutionProperties) = preSolution
		HideSolutionNode = FALSE
	EndGlobalSection
	GlobalSection(ExtensibilityGlobals) = postSolution
		SolutionGuid = {F9CAD0A4-4287-437F-89DC-81C1CF7B94BB}
	EndGlobalSection
EndGlobal
